{

	"name": "test",

	"version": "1.0.0",

	"lockfileVersion": 3,

	"requires": true,

	"packages": {

		"": {

			"name": "test",

			"version": "1.0.0",

			"license": "ISC",

			"dependencies": {

				"@tonejs/midi": "^2.0.28",

				"clipboard": "^2.0.11",

				"crypto-js": "^4.2.0",

				"dayjs": "^1.11.19",

				"pinia-plugin-persistedstate": "^4.7.1",

				"uuid": "^13.0.0",

				"vexflow": "^4.1.0"

			}

		},

		"node_modules/@babel/helper-string-parser": {

			"version": "7.27.1",

			"resolved": "https://registry.npmmirror.com/@babel/helper-string-parser/-/helper-string-parser-7.27.1.tgz",

			"integrity": "sha512-qMlSxKbpRlAridDExk92nSobyDdpPijUq2DW6oDnUqd0iOGxmQjyqhMIihI9+zv4LPyZdRje2cavWPbCbWm3eA==",

			"license": "MIT",

			"optional": true,

			"peer": true,

			"engines": {

				"node": ">=6.9.0"

			}

		},

		"node_modules/@babel/helper-validator-identifier": {

			"version": "7.28.5",

			"resolved": "https://registry.npmmirror.com/@babel/helper-validator-identifier/-/helper-validator-identifier-7.28.5.tgz",

			"integrity": "sha512-qSs4ifwzKJSV39ucNjsvc6WVHs6b7S03sOh2OcHF9UHfVPqWWALUsNUVzhSBiItjRZoLHx7nIarVjqKVusUZ1Q==",

			"license": "MIT",

			"optional": true,

			"peer": true,

			"engines": {

				"node": ">=6.9.0"

			}

		},

		"node_modules/@babel/parser": {

			"version": "7.28.5",

			"resolved": "https://registry.npmmirror.com/@babel/parser/-/parser-7.28.5.tgz",

			"integrity": "sha512-KKBU1VGYR7ORr3At5HAtUQ+TV3SzRCXmA/8OdDZiLDBIZxVyzXuztPjfLd3BV1PRAQGCMWWSHYhL0F8d5uHBDQ==",

			"license": "MIT",

			"optional": true,

			"peer": true,

			"dependencies": {

				"@babel/types": "^7.28.5"

			},

			"bin": {

				"parser": "bin/babel-parser.js"

			},

			"engines": {

				"node": ">=6.0.0"

			}

		},

		"node_modules/@babel/types": {

			"version": "7.28.5",

			"resolved": "https://registry.npmmirror.com/@babel/types/-/types-7.28.5.tgz",

			"integrity": "sha512-qQ5m48eI/MFLQ5PxQj4PFaprjyCTLI37ElWMmNs0K8Lk3dVeOdNpB3ks8jc7yM5CDmVC73eMVk/trk3fgmrUpA==",

			"license": "MIT",

			"optional": true,

			"peer": true,

			"dependencies": {

				"@babel/helper-string-parser": "^7.27.1",

				"@babel/helper-validator-identifier": "^7.28.5"

			},

			"engines": {

				"node": ">=6.9.0"

			}

		},

		"node_modules/@jridgewell/sourcemap-codec": {

			"version": "1.5.5",

			"resolved": "https://registry.npmmirror.com/@jridgewell/sourcemap-codec/-/sourcemap-codec-1.5.5.tgz",

			"integrity": "sha512-cYQ9310grqxueWbl+WuIUIaiUaDcj7WOq5fVhEljNVgRfOUhY9fy2zTvfoqWsnebh8Sl70VScFbICvJnLKB0Og==",

			"license": "MIT",

			"optional": true,

			"peer": true

		},

		"node_modules/@tonejs/midi": {

			"version": "2.0.28",

			"resolved": "https://registry.npmmirror.com/@tonejs/midi/-/midi-2.0.28.tgz",

			"integrity": "sha512-RII6YpInPsOZ5t3Si/20QKpNqB1lZ2OCFJSOzJxz38YdY/3zqDr3uaml4JuCWkdixuPqP1/TBnXzhQ39csyoVg==",

			"license": "MIT",

			"dependencies": {

				"array-flatten": "^3.0.0",

				"midi-file": "^1.2.2"

			}

		},

		"node_modules/@vue/compiler-core": {

			"version": "3.5.25",

			"resolved": "https://registry.npmmirror.com/@vue/compiler-core/-/compiler-core-3.5.25.tgz",

			"integrity": "sha512-vay5/oQJdsNHmliWoZfHPoVZZRmnSWhug0BYT34njkYTPqClh3DNWLkZNJBVSjsNMrg0CCrBfoKkjZQPM/QVUw==",

			"license": "MIT",

			"optional": true,

			"peer": true,

			"dependencies": {

				"@babel/parser": "^7.28.5",

				"@vue/shared": "3.5.25",

				"entities": "^4.5.0",

				"estree-walker": "^2.0.2",

				"source-map-js": "^1.2.1"

			}

		},

		"node_modules/@vue/compiler-dom": {

			"version": "3.5.25",

			"resolved": "https://registry.npmmirror.com/@vue/compiler-dom/-/compiler-dom-3.5.25.tgz",

			"integrity": "sha512-4We0OAcMZsKgYoGlMjzYvaoErltdFI2/25wqanuTu+S4gismOTRTBPi4IASOjxWdzIwrYSjnqONfKvuqkXzE2Q==",

			"license": "MIT",

			"optional": true,

			"peer": true,

			"dependencies": {

				"@vue/compiler-core": "3.5.25",

				"@vue/shared": "3.5.25"

			}

		},

		"node_modules/@vue/compiler-sfc": {

			"version": "3.5.25",

			"resolved": "https://registry.npmmirror.com/@vue/compiler-sfc/-/compiler-sfc-3.5.25.tgz",

			"integrity": "sha512-PUgKp2rn8fFsI++lF2sO7gwO2d9Yj57Utr5yEsDf3GNaQcowCLKL7sf+LvVFvtJDXUp/03+dC6f2+LCv5aK1ag==",

			"license": "MIT",

			"optional": true,

			"peer": true,

			"dependencies": {

				"@babel/parser": "^7.28.5",

				"@vue/compiler-core": "3.5.25",

				"@vue/compiler-dom": "3.5.25",

				"@vue/compiler-ssr": "3.5.25",

				"@vue/shared": "3.5.25",

				"estree-walker": "^2.0.2",

				"magic-string": "^0.30.21",

				"postcss": "^8.5.6",

				"source-map-js": "^1.2.1"

			}

		},

		"node_modules/@vue/compiler-ssr": {

			"version": "3.5.25",

			"resolved": "https://registry.npmmirror.com/@vue/compiler-ssr/-/compiler-ssr-3.5.25.tgz",

			"integrity": "sha512-ritPSKLBcParnsKYi+GNtbdbrIE1mtuFEJ4U1sWeuOMlIziK5GtOL85t5RhsNy4uWIXPgk+OUdpnXiTdzn8o3A==",

			"license": "MIT",

			"optional": true,

			"peer": true,

			"dependencies": {

				"@vue/compiler-dom": "3.5.25",

				"@vue/shared": "3.5.25"

			}

		},

		"node_modules/@vue/devtools-api": {

			"version": "7.7.9",

			"resolved": "https://registry.npmmirror.com/@vue/devtools-api/-/devtools-api-7.7.9.tgz",

			"integrity": "sha512-kIE8wvwlcZ6TJTbNeU2HQNtaxLx3a84aotTITUuL/4bzfPxzajGBOoqjMhwZJ8L9qFYDU/lAYMEEm11dnZOD6g==",

			"license": "MIT",

			"optional": true,

			"peer": true,

			"dependencies": {

				"@vue/devtools-kit": "^7.7.9"

			}

		},

		"node_modules/@vue/devtools-kit": {

			"version": "7.7.9",

			"resolved": "https://registry.npmmirror.com/@vue/devtools-kit/-/devtools-kit-7.7.9.tgz",

			"integrity": "sha512-PyQ6odHSgiDVd4hnTP+aDk2X4gl2HmLDfiyEnn3/oV+ckFDuswRs4IbBT7vacMuGdwY/XemxBoh302ctbsptuA==",

			"license": "MIT",

			"optional": true,

			"peer": true,

			"dependencies": {

				"@vue/devtools-shared": "^7.7.9",

				"birpc": "^2.3.0",

				"hookable": "^5.5.3",

				"mitt": "^3.0.1",

				"perfect-debounce": "^1.0.0",

				"speakingurl": "^14.0.1",

				"superjson": "^2.2.2"

			}

		},

		"node_modules/@vue/devtools-shared": {

			"version": "7.7.9",

			"resolved": "https://registry.npmmirror.com/@vue/devtools-shared/-/devtools-shared-7.7.9.tgz",

			"integrity": "sha512-iWAb0v2WYf0QWmxCGy0seZNDPdO3Sp5+u78ORnyeonS6MT4PC7VPrryX2BpMJrwlDeaZ6BD4vP4XKjK0SZqaeA==",

			"license": "MIT",

			"optional": true,

			"peer": true,

			"dependencies": {

				"rfdc": "^1.4.1"

			}

		},

		"node_modules/@vue/reactivity": {

			"version": "3.5.25",

			"resolved": "https://registry.npmmirror.com/@vue/reactivity/-/reactivity-3.5.25.tgz",

			"integrity": "sha512-5xfAypCQepv4Jog1U4zn8cZIcbKKFka3AgWHEFQeK65OW+Ys4XybP6z2kKgws4YB43KGpqp5D/K3go2UPPunLA==",

			"license": "MIT",

			"optional": true,

			"peer": true,

			"dependencies": {

				"@vue/shared": "3.5.25"

			}

		},

		"node_modules/@vue/runtime-core": {

			"version": "3.5.25",

			"resolved": "https://registry.npmmirror.com/@vue/runtime-core/-/runtime-core-3.5.25.tgz",

			"integrity": "sha512-Z751v203YWwYzy460bzsYQISDfPjHTl+6Zzwo/a3CsAf+0ccEjQ8c+0CdX1WsumRTHeywvyUFtW6KvNukT/smA==",

			"license": "MIT",

			"optional": true,

			"peer": true,

			"dependencies": {

				"@vue/reactivity": "3.5.25",

				"@vue/shared": "3.5.25"

			}

		},

		"node_modules/@vue/runtime-dom": {

			"version": "3.5.25",

			"resolved": "https://registry.npmmirror.com/@vue/runtime-dom/-/runtime-dom-3.5.25.tgz",

			"integrity": "sha512-a4WrkYFbb19i9pjkz38zJBg8wa/rboNERq3+hRRb0dHiJh13c+6kAbgqCPfMaJ2gg4weWD3APZswASOfmKwamA==",

			"license": "MIT",

			"optional": true,

			"peer": true,

			"dependencies": {

				"@vue/reactivity": "3.5.25",

				"@vue/runtime-core": "3.5.25",

				"@vue/shared": "3.5.25",

				"csstype": "^3.1.3"

			}

		},

		"node_modules/@vue/server-renderer": {

			"version": "3.5.25",

			"resolved": "https://registry.npmmirror.com/@vue/server-renderer/-/server-renderer-3.5.25.tgz",

			"integrity": "sha512-UJaXR54vMG61i8XNIzTSf2Q7MOqZHpp8+x3XLGtE3+fL+nQd+k7O5+X3D/uWrnQXOdMw5VPih+Uremcw+u1woQ==",

			"license": "MIT",

			"optional": true,

			"peer": true,

			"dependencies": {

				"@vue/compiler-ssr": "3.5.25",

				"@vue/shared": "3.5.25"

			},

			"peerDependencies": {

				"vue": "3.5.25"

			}

		},

		"node_modules/@vue/shared": {

			"version": "3.5.25",

			"resolved": "https://registry.npmmirror.com/@vue/shared/-/shared-3.5.25.tgz",

			"integrity": "sha512-AbOPdQQnAnzs58H2FrrDxYj/TJfmeS2jdfEEhgiKINy+bnOANmVizIEgq1r+C5zsbs6l1CCQxtcj71rwNQ4jWg==",

			"license": "MIT",

			"optional": true,

			"peer": true

		},

		"node_modules/array-flatten": {

			"version": "3.0.0",

			"resolved": "https://registry.npmmirror.com/array-flatten/-/array-flatten-3.0.0.tgz",

			"integrity": "sha512-zPMVc3ZYlGLNk4mpK1NzP2wg0ml9t7fUgDsayR5Y5rSzxQilzR9FGu/EH2jQOcKSAeAfWeylyW8juy3OkWRvNA==",

			"license": "MIT"

		},

		"node_modules/birpc": {

			"version": "2.9.0",

			"resolved": "https://registry.npmmirror.com/birpc/-/birpc-2.9.0.tgz",

			"integrity": "sha512-KrayHS5pBi69Xi9JmvoqrIgYGDkD6mcSe/i6YKi3w5kekCLzrX4+nawcXqrj2tIp50Kw/mT/s3p+GVK0A0sKxw==",

			"license": "MIT",

			"optional": true,

			"peer": true,

			"funding": {

				"url": "https://github.com/sponsors/antfu"

			}

		},

		"node_modules/clipboard": {

			"version": "2.0.11",

			"resolved": "https://registry.npmmirror.com/clipboard/-/clipboard-2.0.11.tgz",

			"integrity": "sha512-C+0bbOqkezLIsmWSvlsXS0Q0bmkugu7jcfMIACB+RDEntIzQIkdr148we28AfSloQLRdZlYL/QYyrq05j/3Faw==",

			"license": "MIT",

			"dependencies": {

				"good-listener": "^1.2.2",

				"select": "^1.1.2",

				"tiny-emitter": "^2.0.0"

			}

		},

		"node_modules/copy-anything": {

			"version": "4.0.5",

			"resolved": "https://registry.npmmirror.com/copy-anything/-/copy-anything-4.0.5.tgz",

			"integrity": "sha512-7Vv6asjS4gMOuILabD3l739tsaxFQmC+a7pLZm02zyvs8p977bL3zEgq3yDk5rn9B0PbYgIv++jmHcuUab4RhA==",

			"license": "MIT",

			"optional": true,

			"peer": true,

			"dependencies": {

				"is-what": "^5.2.0"

			},

			"engines": {

				"node": ">=18"

			},

			"funding": {

				"url": "https://github.com/sponsors/mesqueeb"

			}

		},

		"node_modules/crypto-js": {

			"version": "4.2.0",

			"resolved": "https://registry.npmmirror.com/crypto-js/-/crypto-js-4.2.0.tgz",

			"integrity": "sha512-KALDyEYgpY+Rlob/iriUtjV6d5Eq+Y191A5g4UqLAi8CyGP9N1+FdVbkc1SxKc2r4YAYqG8JzO2KGL+AizD70Q==",

			"license": "MIT"

		},

		"node_modules/csstype": {

			"version": "3.2.3",

			"resolved": "https://registry.npmmirror.com/csstype/-/csstype-3.2.3.tgz",

			"integrity": "sha512-z1HGKcYy2xA8AGQfwrn0PAy+PB7X/GSj3UVJW9qKyn43xWa+gl5nXmU4qqLMRzWVLFC8KusUX8T/0kCiOYpAIQ==",

			"license": "MIT",

			"optional": true,

			"peer": true

		},

		"node_modules/dayjs": {

			"version": "1.11.19",

			"resolved": "https://registry.npmmirror.com/dayjs/-/dayjs-1.11.19.tgz",

			"integrity": "sha512-t5EcLVS6QPBNqM2z8fakk/NKel+Xzshgt8FFKAn+qwlD1pzZWxh0nVCrvFK7ZDb6XucZeF9z8C7CBWTRIVApAw==",

			"license": "MIT"

		},

		"node_modules/defu": {

			"version": "6.1.4",

			"resolved": "https://registry.npmmirror.com/defu/-/defu-6.1.4.tgz",

			"integrity": "sha512-mEQCMmwJu317oSz8CwdIOdwf3xMif1ttiM8LTufzc3g6kR+9Pe236twL8j3IYT1F7GfRgGcW6MWxzZjLIkuHIg==",

			"license": "MIT"

		},

		"node_modules/delegate": {

			"version": "3.2.0",

			"resolved": "https://registry.npmmirror.com/delegate/-/delegate-3.2.0.tgz",

			"integrity": "sha512-IofjkYBZaZivn0V8nnsMJGBr4jVLxHDheKSW88PyxS5QC4Vo9ZbZVvhzlSxY87fVq3STR6r+4cGepyHkcWOQSw==",

			"license": "MIT"

		},

		"node_modules/entities": {

			"version": "4.5.0",

			"resolved": "https://registry.npmmirror.com/entities/-/entities-4.5.0.tgz",

			"integrity": "sha512-V0hjH4dGPh9Ao5p0MoRY6BVqtwCjhz6vI5LT8AJ55H+4g9/4vbHx1I54fS0XuclLhDHArPQCiMjDxjaL8fPxhw==",

			"license": "BSD-2-Clause",

			"optional": true,

			"peer": true,

			"engines": {

				"node": ">=0.12"

			},

			"funding": {

				"url": "https://github.com/fb55/entities?sponsor=1"

			}

		},

		"node_modules/estree-walker": {

			"version": "2.0.2",

			"resolved": "https://registry.npmmirror.com/estree-walker/-/estree-walker-2.0.2.tgz",

			"integrity": "sha512-Rfkk/Mp/DL7JVje3u18FxFujQlTNR2q6QfMSMB7AvCBx91NGj/ba3kCfza0f6dVDbw7YlRf/nDrn7pQrCCyQ/w==",

			"license": "MIT",

			"optional": true,

			"peer": true

		},

		"node_modules/good-listener": {

			"version": "1.2.2",

			"resolved": "https://registry.npmmirror.com/good-listener/-/good-listener-1.2.2.tgz",

			"integrity": "sha512-goW1b+d9q/HIwbVYZzZ6SsTr4IgE+WA44A0GmPIQstuOrgsFcT7VEJ48nmr9GaRtNu0XTKacFLGnBPAM6Afouw==",

			"license": "MIT",

			"dependencies": {

				"delegate": "^3.1.2"

			}

		},

		"node_modules/hookable": {

			"version": "5.5.3",

			"resolved": "https://registry.npmmirror.com/hookable/-/hookable-5.5.3.tgz",

			"integrity": "sha512-Yc+BQe8SvoXH1643Qez1zqLRmbA5rCL+sSmk6TVos0LWVfNIB7PGncdlId77WzLGSIB5KaWgTaNTs2lNVEI6VQ==",

			"license": "MIT",

			"optional": true,

			"peer": true

		},

		"node_modules/is-what": {

			"version": "5.5.0",

			"resolved": "https://registry.npmmirror.com/is-what/-/is-what-5.5.0.tgz",

			"integrity": "sha512-oG7cgbmg5kLYae2N5IVd3jm2s+vldjxJzK1pcu9LfpGuQ93MQSzo0okvRna+7y5ifrD+20FE8FvjusyGaz14fw==",

			"license": "MIT",

			"optional": true,

			"peer": true,

			"engines": {

				"node": ">=18"

			},

			"funding": {

				"url": "https://github.com/sponsors/mesqueeb"

			}

		},

		"node_modules/magic-string": {

			"version": "0.30.21",

			"resolved": "https://registry.npmmirror.com/magic-string/-/magic-string-0.30.21.tgz",

			"integrity": "sha512-vd2F4YUyEXKGcLHoq+TEyCjxueSeHnFxyyjNp80yg0XV4vUhnDer/lvvlqM/arB5bXQN5K2/3oinyCRyx8T2CQ==",

			"license": "MIT",

			"optional": true,

			"peer": true,

			"dependencies": {

				"@jridgewell/sourcemap-codec": "^1.5.5"

			}

		},

		"node_modules/midi-file": {

			"version": "1.2.4",

			"resolved": "https://registry.npmmirror.com/midi-file/-/midi-file-1.2.4.tgz",

			"integrity": "sha512-B5SnBC6i2bwJIXTY9MElIydJwAmnKx+r5eJ1jknTLetzLflEl0GWveuBB6ACrQpecSRkOB6fhTx1PwXk2BVxnA==",

			"license": "MIT"

		},

		"node_modules/mitt": {

			"version": "3.0.1",

			"resolved": "https://registry.npmmirror.com/mitt/-/mitt-3.0.1.tgz",

			"integrity": "sha512-vKivATfr97l2/QBCYAkXYDbrIWPM2IIKEl7YPhjCvKlG3kE2gm+uBo6nEXK3M5/Ffh/FLpKExzOQ3JJoJGFKBw==",

			"license": "MIT",

			"optional": true,

			"peer": true

		},

		"node_modules/nanoid": {

			"version": "3.3.11",

			"resolved": "https://registry.npmmirror.com/nanoid/-/nanoid-3.3.11.tgz",

			"integrity": "sha512-N8SpfPUnUp1bK+PMYW8qSWdl9U+wwNWI4QKxOYDy9JAro3WMX7p2OeVRF9v+347pnakNevPmiHhNmZ2HbFA76w==",

			"funding": [

				{

					"type": "github",

					"url": "https://github.com/sponsors/ai"

				}

			],

			"license": "MIT",

			"optional": true,

			"peer": true,

			"bin": {

				"nanoid": "bin/nanoid.cjs"

			},

			"engines": {

				"node": "^10 || ^12 || ^13.7 || ^14 || >=15.0.1"

			}

		},

		"node_modules/perfect-debounce": {

			"version": "1.0.0",

			"resolved": "https://registry.npmmirror.com/perfect-debounce/-/perfect-debounce-1.0.0.tgz",

			"integrity": "sha512-xCy9V055GLEqoFaHoC1SoLIaLmWctgCUaBaWxDZ7/Zx4CTyX7cJQLJOok/orfjZAh9kEYpjJa4d0KcJmCbctZA==",

			"license": "MIT",

			"optional": true,

			"peer": true

		},

		"node_modules/picocolors": {

			"version": "1.1.1",

			"resolved": "https://registry.npmmirror.com/picocolors/-/picocolors-1.1.1.tgz",

			"integrity": "sha512-xceH2snhtb5M9liqDsmEw56le376mTZkEX/jEb/RxNFyegNul7eNslCXP9FDj/Lcu0X8KEyMceP2ntpaHrDEVA==",

			"license": "ISC",

			"optional": true,

			"peer": true

		},

		"node_modules/pinia": {

			"version": "3.0.4",

			"resolved": "https://registry.npmmirror.com/pinia/-/pinia-3.0.4.tgz",

			"integrity": "sha512-l7pqLUFTI/+ESXn6k3nu30ZIzW5E2WZF/LaHJEpoq6ElcLD+wduZoB2kBN19du6K/4FDpPMazY2wJr+IndBtQw==",

			"license": "MIT",

			"optional": true,

			"peer": true,

			"dependencies": {

				"@vue/devtools-api": "^7.7.7"

			},

			"funding": {

				"url": "https://github.com/sponsors/posva"

			},

			"peerDependencies": {

				"typescript": ">=4.5.0",

				"vue": "^3.5.11"

			},

			"peerDependenciesMeta": {

				"typescript": {

					"optional": true

				}

			}

		},

		"node_modules/pinia-plugin-persistedstate": {

			"version": "4.7.1",

			"resolved": "https://registry.npmmirror.com/pinia-plugin-persistedstate/-/pinia-plugin-persistedstate-4.7.1.tgz",

			"integrity": "sha512-WHOqh2esDlR3eAaknPbqXrkkj0D24h8shrDPqysgCFR6ghqP/fpFfJmMPJp0gETHsvrh9YNNg6dQfo2OEtDnIQ==",

			"license": "MIT",

			"dependencies": {

				"defu": "^6.1.4"

			},

			"peerDependencies": {

				"@nuxt/kit": ">=3.0.0",

				"@pinia/nuxt": ">=0.10.0",

				"pinia": ">=3.0.0"

			},

			"peerDependenciesMeta": {

				"@nuxt/kit": {

					"optional": true

				},

				"@pinia/nuxt": {

					"optional": true

				},

				"pinia": {

					"optional": true

				}

			}

		},

		"node_modules/postcss": {

			"version": "8.5.6",

			"resolved": "https://registry.npmmirror.com/postcss/-/postcss-8.5.6.tgz",

			"integrity": "sha512-3Ybi1tAuwAP9s0r1UQ2J4n5Y0G05bJkpUIO0/bI9MhwmD70S5aTWbXGBwxHrelT+XM1k6dM0pk+SwNkpTRN7Pg==",

			"funding": [

				{

					"type": "opencollective",

					"url": "https://opencollective.com/postcss/"

				},

				{

					"type": "tidelift",

					"url": "https://tidelift.com/funding/github/npm/postcss"

				},

				{

					"type": "github",

					"url": "https://github.com/sponsors/ai"

				}

			],

			"license": "MIT",

			"optional": true,

			"peer": true,

			"dependencies": {

				"nanoid": "^3.3.11",

				"picocolors": "^1.1.1",

				"source-map-js": "^1.2.1"

			},

			"engines": {

				"node": "^10 || ^12 || >=14"

			}

		},

		"node_modules/rfdc": {

			"version": "1.4.1",

			"resolved": "https://registry.npmmirror.com/rfdc/-/rfdc-1.4.1.tgz",

			"integrity": "sha512-q1b3N5QkRUWUl7iyylaaj3kOpIT0N2i9MqIEQXP73GVsN9cw3fdx8X63cEmWhJGi2PPCF23Ijp7ktmd39rawIA==",

			"license": "MIT",

			"optional": true,

			"peer": true

		},

		"node_modules/select": {

			"version": "1.1.2",

			"resolved": "https://registry.npmmirror.com/select/-/select-1.1.2.tgz",

			"integrity": "sha512-OwpTSOfy6xSs1+pwcNrv0RBMOzI39Lp3qQKUTPVVPRjCdNa5JH/oPRiqsesIskK8TVgmRiHwO4KXlV2Li9dANA==",

			"license": "MIT"

		},

		"node_modules/source-map-js": {

			"version": "1.2.1",

			"resolved": "https://registry.npmmirror.com/source-map-js/-/source-map-js-1.2.1.tgz",

			"integrity": "sha512-UXWMKhLOwVKb728IUtQPXxfYU+usdybtUrK/8uGE8CQMvrhOpwvzDBwj0QhSL7MQc7vIsISBG8VQ8+IDQxpfQA==",

			"license": "BSD-3-Clause",

			"optional": true,

			"peer": true,

			"engines": {

				"node": ">=0.10.0"

			}

		},

		"node_modules/speakingurl": {

			"version": "14.0.1",

			"resolved": "https://registry.npmmirror.com/speakingurl/-/speakingurl-14.0.1.tgz",

			"integrity": "sha512-1POYv7uv2gXoyGFpBCmpDVSNV74IfsWlDW216UPjbWufNf+bSU6GdbDsxdcxtfwb4xlI3yxzOTKClUosxARYrQ==",

			"license": "BSD-3-Clause",

			"optional": true,

			"peer": true,

			"engines": {

				"node": ">=0.10.0"

			}

		},

		"node_modules/superjson": {

			"version": "2.2.6",

			"resolved": "https://registry.npmmirror.com/superjson/-/superjson-2.2.6.tgz",

			"integrity": "sha512-H+ue8Zo4vJmV2nRjpx86P35lzwDT3nItnIsocgumgr0hHMQ+ZGq5vrERg9kJBo5AWGmxZDhzDo+WVIJqkB0cGA==",

			"license": "MIT",

			"optional": true,

			"peer": true,

			"dependencies": {

				"copy-anything": "^4"

			},

			"engines": {

				"node": ">=16"

			}

		},

		"node_modules/tiny-emitter": {

			"version": "2.1.0",

			"resolved": "https://registry.npmmirror.com/tiny-emitter/-/tiny-emitter-2.1.0.tgz",

			"integrity": "sha512-NB6Dk1A9xgQPMoGqC5CVXn123gWyte215ONT5Pp5a0yt4nlEoO1ZWeCwpncaekPHXO60i47ihFnZPiRPjRMq4Q==",

			"license": "MIT"

		},

		"node_modules/uuid": {

			"version": "13.0.0",

			"resolved": "https://registry.npmmirror.com/uuid/-/uuid-13.0.0.tgz",

			"integrity": "sha512-XQegIaBTVUjSHliKqcnFqYypAd4S+WCYt5NIeRs6w/UAry7z8Y9j5ZwRRL4kzq9U3sD6v+85er9FvkEaBpji2w==",

			"funding": [

				"https://github.com/sponsors/broofa",

				"https://github.com/sponsors/ctavan"

			],

			"license": "MIT",

			"bin": {

				"uuid": "dist-node/bin/uuid"

			}

		},

		"node_modules/vexflow": {

			"version": "4.1.0",

			"resolved": "https://registry.npmmirror.com/vexflow/-/vexflow-4.1.0.tgz",

			"integrity": "sha512-y28wLS10nftuTERM9vQIzyW7vBZ1tNeF5mRNjRm+8wXsBp5J7oC2C+S7boNoyIJIjxd6qVV0aCw8pgKrfmlwhQ==",

			"license": "MIT"

		},

		"node_modules/vue": {

			"version": "3.5.25",

			"resolved": "https://registry.npmmirror.com/vue/-/vue-3.5.25.tgz",

			"integrity": "sha512-YLVdgv2K13WJ6n+kD5owehKtEXwdwXuj2TTyJMsO7pSeKw2bfRNZGjhB7YzrpbMYj5b5QsUebHpOqR3R3ziy/g==",

			"license": "MIT",

			"optional": true,

			"peer": true,

			"dependencies": {

				"@vue/compiler-dom": "3.5.25",

				"@vue/compiler-sfc": "3.5.25",

				"@vue/runtime-dom": "3.5.25",

				"@vue/server-renderer": "3.5.25",

				"@vue/shared": "3.5.25"

			},

			"peerDependencies": {

				"typescript": "*"

			},

			"peerDependenciesMeta": {

				"typescript": {

					"optional": true

				}

			}

		}

	}

}

